
Microsoft Visual Studio Solution File, Format Version 12.00
# Visual Studio Version 17
VisualStudioVersion = 17.11.35327.3
MinimumVisualStudioVersion = 10.0.40219.1
Project("{888888A0-9F3D-457C-B088-3A5042F75D52}") = "PythonMultiplayerTicTacToe", "PythonMultiplayerTicTacToe\PythonMultiplayerTicTacToe.pyproj", "{B7197C9A-6328-4FDB-918F-88BFCE5D19DF}"
EndProject
Global
	GlobalSection(SolutionConfigurationPlatforms) = preSolution
		Debug|Any CPU = Debug|Any CPU
		Release|Any CPU = Release|Any CPU
	EndGlobalSection
	GlobalSection(ProjectConfigurationPlatforms) = postSolution
		{B7197C9A-6328-4FDB-918F-88BFCE5D19DF}.Debug|Any CPU.ActiveCfg = Debug|Any CPU
		{B7197C9A-6328-4FDB-918F-88BFCE5D19DF}.Release|Any CPU.ActiveCfg = Release|Any CPU
	EndGlobalSection
	GlobalSection(SolutionProperties) = preSolution
		HideSolutionNode = FALSE
	EndGlobalSection
	GlobalSection(ExtensibilityGlobals) = postSolution
		SolutionGuid = {1D94672F-5EC2-4A4E-9507-FF6CA14C004B}
	EndGlobalSection
EndGlobal
